%{
  "circular_buffer": {:hex, :circular_buffer, "1.0.1", "01f0e3d5fe945080692cf6521c0988e9dbb5dc312831cefe77e5b63a4e658160", [:mix], [], "hexpm", "7d4ece3137d49c1f8dd0b3e0aa7c484f4d83a0be5d4b516c282085c1d5f2d7b9"},
  "elixir_make": {:hex, :elixir_make, "0.10.0", "16577e2583a79bb79237bbff349619ef5d80afffc07eac6e4faf0d00e2ddaf7d", [:mix], [], "hexpm", "dc1f09fb7fa68866b886abd5f0f3c83553b1a19a52359a899e92af1bb3b31982"},
  "interactive_cmd": {:hex, :interactive_cmd, "0.1.4", "398b517b88fc0e4a7dc4ece883bf952995b859a406331626f3c94a1f680657e4", [:mix], [], "hexpm", "d2089b3827f6b21e48ac85a59441211dacda5c0702ab6f590f2117990968a571"},
  "jason": {:hex, :jason, "1.4.5", "2e3a008590b0b8d7388c20293e9dcc9cf3e5d642fd2a114e4cbbb52e595d940a", [:mix], [{:decimal, "~> 1.0 or ~> 2.0 or ~> 3.0", [hex: :decimal, repo: "hexpm", optional: true]}], "hexpm", "b0c823996102bcd0239b3c2444eb00409b72f6a140c1950bc8b457d836b30684"},
  "nerves": {:hex, :nerves, "1.14.3", "518729ac6d1934704b0f69f5888b6f26aede53e5695fef99a2da4f95433a7b02", [:make, :mix], [{:elixir_make, "~> 0.6", [hex: :elixir_make, repo: "hexpm", optional: false]}, {:interactive_cmd, "~> 0.1.4", [hex: :interactive_cmd, repo: "hexpm", optional: false]}, {:jason, "~> 1.2", [hex: :jason, repo: "hexpm", optional: false]}, {:nerves_discovery, "~> 0.1.2", [hex: :nerves_discovery, repo: "hexpm", optional: false]}, {:tablet, "~> 0.3.1", [hex: :tablet, repo: "hexpm", optional: false]}], "hexpm", "eee2365050e3d51cb83d4836a291f9965701cafaafb5caaa8b52924ce8e0b642"},
  "nerves_discovery": {:hex, :nerves_discovery, "0.1.3", "3921610cf2a5eead21c70acb1496dc2e385f88c71e88783f5afdb2a1b5164fff", [:mix], [], "hexpm", "46722e9c9999c57dfe44a20e8eaf015a15b9a29636a1b05e52271b11e89d1ecd"},
  "nerves_logging": {:hex, :nerves_logging, "0.2.4", "7d60c345325c7165a1473be30a399847eaba425dce3258ef97a8aefd6d913160", [:make, :mix], [{:elixir_make, "~> 0.6", [hex: :elixir_make, repo: "hexpm", optional: false]}], "hexpm", "942f9757adea17d56f4f64fbf4e1aaffd4b2471dd2f1bc020ba80ba2ef5238bc"},
  "nerves_runtime": {:hex, :nerves_runtime, "0.13.13", "998612c742fac60e8498aebb850e64f93d278e0be0f68a56b7ed30d32a05da6a", [:mix], [{:nerves_logging, "~> 0.2.0", [hex: :nerves_logging, repo: "hexpm", optional: false]}, {:nerves_uevent, "~> 0.1.0", [hex: :nerves_uevent, repo: "hexpm", optional: false]}, {:uboot_env, "~> 0.3.0 or ~> 1.0", [hex: :uboot_env, repo: "hexpm", optional: false]}], "hexpm", "6c3a6feaff23d8a4f73aaaaa8d00c9a4bc63cd1d477d82089ba5a4c6a78245c8"},
  "nerves_system_br": {:hex, :nerves_system_br, "1.34.0", "0dcec9afaf0c2018822bd33ac533629ef032123c0f2d261605e3e9dc83bc5f73", [:mix], [], "hexpm", "6c8e44701fc5651087e258637cc09a705405729554bf1e0126046f67e0956329"},
  "nerves_toolchain_aarch64_nerves_linux_gnu": {:hex, :nerves_toolchain_aarch64_nerves_linux_gnu, "15.3.0", "2026f8140128d7d8b0a59a41f97e75800040d1156bc099e295c21acd8c1c98bb", [:mix], [{:nerves, "~> 1.13", [hex: :nerves, repo: "hexpm", optional: false]}], "hexpm", "2eb8ba86c67d40effddbbb23ac08bd34a7ab6f6499da70f12e489cbf422bb8c5"},
  "nerves_uevent": {:hex, :nerves_uevent, "0.1.7", "e8163591bb0cf087de608a7d0a0523a4c2df9df437dade2e6e890525f9380848", [:make, :mix], [{:elixir_make, "~> 0.6", [hex: :elixir_make, repo: "hexpm", optional: false]}, {:property_table, "~> 0.2.0 or ~> 0.3.0", [hex: :property_table, repo: "hexpm", optional: false]}], "hexpm", "d442b1aec1c61cdaf0fdbb8bcb9be4cada7dab695707ade0e2e7b78ffa4bf3b0"},
  "property_table": {:hex, :property_table, "0.3.4", "576b20f586ee7366d53919289c1b6dee4bbe1946f6761bfb20dabf7875cb4d40", [:mix], [], "hexpm", "1a45e5d4915ba017822e9692b447432f786cf63c89a6d71b7582eef666fd54b9"},
  "ring_logger": {:hex, :ring_logger, "0.11.5", "b799ce644a593691f81895fd0903eb0a8a6bff8df9733b891b0da53be21217fe", [:mix], [{:circular_buffer, "~> 0.4.0 or ~> 1.0", [hex: :circular_buffer, repo: "hexpm", optional: false]}], "hexpm", "ec7a309bfa92dac3a85e8903454fe85b2159169329291563437dc8085437ad3a"},
  "shoehorn": {:hex, :shoehorn, "0.9.3", "88b79efa6c3cf42395d0635b2b6a41d1774275abb4a4889c0288874446d33d88", [:mix], [], "hexpm", "376ccf28e1d57a7f9d73ea93130e711886e88f4464a2cb9355787fd23897bbba"},
  "tablet": {:hex, :tablet, "0.3.3", "cf2975d34da2e26a42e0a09e3ac67e63171a3ad1a8da41be9c23ffda484eb84d", [:mix], [], "hexpm", "2701b7a6f8bca941ef036a982d7789a6aebd9e8802b2e26665391295935f4925"},
  "toolshed": {:hex, :toolshed, "0.5.0", "3dbc915bf30354d71b1e9b9cad0b0ad906360d7cfc1efb86acc1a6c58d9aa375", [:mix], [{:nerves_runtime, "~> 0.8", [hex: :nerves_runtime, repo: "hexpm", optional: true]}], "hexpm", "44a39f384d813d1991c4637eca23f62e9f91135e496c868c400b42ed01eb51d2"},
  "uboot_env": {:hex, :uboot_env, "1.0.2", "239809ab786a57f0f3d4eb318e0af30b7847c288cff96fc9306cd5283f967355", [:mix], [], "hexpm", "89c6419b3af35f90f7f027858e977c719c1a8b68e57be73757bc21a2ed0cc03d"},
}
